
Microsoft Visual Studio Solution File, Format Version 12.00
# Visual Studio Version 17
VisualStudioVersion = 17.9.34728.123
MinimumVisualStudioVersion = 10.0.40219.1
Project("{FAE04EC0-301F-11D3-BF4B-00C04F79EFBC}") = "ExercicioOrdenacaoArray", "ExercicioOrdenacaoArray\ExercicioOrdenacaoArray.csproj", "{56369880-6052-42AF-B223-09A15C6D6159}"
EndProject
Global
	GlobalSection(SolutionConfigurationPlatforms) = preSolution
		Debug|Any CPU = Debug|Any CPU
		Release|Any CPU = Release|Any CPU
	EndGlobalSection
	GlobalSection(ProjectConfigurationPlatforms) = postSolution
		{56369880-6052-42AF-B223-09A15C6D6159}.Debug|Any CPU.ActiveCfg = Debug|Any CPU
		{56369880-6052-42AF-B223-09A15C6D6159}.Debug|Any CPU.Build.0 = Debug|Any CPU
		{56369880-6052-42AF-B223-09A15C6D6159}.Release|Any CPU.ActiveCfg = Release|Any CPU
		{56369880-6052-42AF-B223-09A15C6D6159}.Release|Any CPU.Build.0 = Release|Any CPU
	EndGlobalSection
	GlobalSection(SolutionProperties) = preSolution
		HideSolutionNode = FALSE
	EndGlobalSection
	GlobalSection(ExtensibilityGlobals) = postSolution
		SolutionGuid = {7469C5D9-5596-4426-ACEE-AEDA9CE76E8C}
	EndGlobalSection
EndGlobal
